
Microsoft Visual Studio Solution File, Format Version 11.00
# Visual Studio 2010
Project("{8BC9CEB8-8B4A-11D0-8D11-00A0C91BC942}") = "让cpu曲线听你的指挥", "编程之美\编程之美.vcxproj", "{EBF92018-DBC4-4695-A07B-A25CC87852AF}"
EndProject
Project("{8BC9CEB8-8B4A-11D0-8D11-00A0C91BC942}") = "中国象棋将帅问题", "中国象棋将帅问题\中国象棋将帅问题.vcxproj", "{7BE10467-DDB1-469D-9F5B-F5037A14AA83}"
EndProject
Project("{8BC9CEB8-8B4A-11D0-8D11-00A0C91BC942}") = "一摞烙饼的排序", "一摞烙饼的排序\一摞烙饼的排序.vcxproj", "{DB68D6F5-0EA5-4B6F-AA3C-7C7A40536702}"
EndProject
Project("{8BC9CEB8-8B4A-11D0-8D11-00A0C91BC942}") = "买书问题", "买书问题\买书问题.vcxproj", "{A78260A5-E10F-44EE-A275-94A414D3F1CA}"
EndProject
Project("{8BC9CEB8-8B4A-11D0-8D11-00A0C91BC942}") = "快速找出故障机器", "快速找出故障机器\快速找出故障机器.vcxproj", "{7C66CA2F-3284-4F82-ACD1-F1B47EEE018E}"
EndProject
Project("{8BC9CEB8-8B4A-11D0-8D11-00A0C91BC942}") = "饮料供货", "饮料供货\饮料供货.vcxproj", "{D145262A-0386-4B27-BF22-F7CCB6BE6EFD}"
EndProject
Project("{8BC9CEB8-8B4A-11D0-8D11-00A0C91BC942}") = "光影切割问题", "光影切割问题\光影切割问题.vcxproj", "{FD4A9220-0919-4EA3-AB92-E888B454A36E}"
EndProject
Project("{8BC9CEB8-8B4A-11D0-8D11-00A0C91BC942}") = "电梯调度算法", "电梯跳读算法\电梯跳读算法.vcxproj", "{347864DA-AAC5-4641-AC54-2AFE406CB1B3}"
EndProject
Project("{8BC9CEB8-8B4A-11D0-8D11-00A0C91BC942}") = "高效率地安排见面会", "高效率地安排见面会\高效率地安排见面会.vcxproj", "{3D95F829-853B-4448-A248-F267E428F270}"
EndProject
Project("{8BC9CEB8-8B4A-11D0-8D11-00A0C91BC942}") = "双线程高效下载", "双线程高效下载\双线程高效下载.vcxproj", "{58B6CB0A-0DE9-4C92-A667-B7A34BDA820E}"
EndProject
Project("{8BC9CEB8-8B4A-11D0-8D11-00A0C91BC942}") = "24点游戏", "24点游戏\24点游戏.vcxproj", "{5E9958BF-7A65-4638-B854-815BE35EFEEC}"
EndProject
Project("{8BC9CEB8-8B4A-11D0-8D11-00A0C91BC942}") = "二进制中1的个数", "二进制中1的个数\二进制中1的个数.vcxproj", "{80F0D3E7-CDFD-4B38-808A-7968B90399D9}"
EndProject
Global
	GlobalSection(SolutionConfigurationPlatforms) = preSolution
		Debug|Win32 = Debug|Win32
		Release|Win32 = Release|Win32
	EndGlobalSection
	GlobalSection(ProjectConfigurationPlatforms) = postSolution
		{EBF92018-DBC4-4695-A07B-A25CC87852AF}.Debug|Win32.ActiveCfg = Debug|Win32
		{EBF92018-DBC4-4695-A07B-A25CC87852AF}.Debug|Win32.Build.0 = Debug|Win32
		{EBF92018-DBC4-4695-A07B-A25CC87852AF}.Release|Win32.ActiveCfg = Release|Win32
		{EBF92018-DBC4-4695-A07B-A25CC87852AF}.Release|Win32.Build.0 = Release|Win32
		{7BE10467-DDB1-469D-9F5B-F5037A14AA83}.Debug|Win32.ActiveCfg = Debug|Win32
		{7BE10467-DDB1-469D-9F5B-F5037A14AA83}.Debug|Win32.Build.0 = Debug|Win32
		{7BE10467-DDB1-469D-9F5B-F5037A14AA83}.Release|Win32.ActiveCfg = Release|Win32
		{7BE10467-DDB1-469D-9F5B-F5037A14AA83}.Release|Win32.Build.0 = Release|Win32
		{DB68D6F5-0EA5-4B6F-AA3C-7C7A40536702}.Debug|Win32.ActiveCfg = Debug|Win32
		{DB68D6F5-0EA5-4B6F-AA3C-7C7A40536702}.Debug|Win32.Build.0 = Debug|Win32
		{DB68D6F5-0EA5-4B6F-AA3C-7C7A40536702}.Release|Win32.ActiveCfg = Release|Win32
		{DB68D6F5-0EA5-4B6F-AA3C-7C7A40536702}.Release|Win32.Build.0 = Release|Win32
		{A78260A5-E10F-44EE-A275-94A414D3F1CA}.Debug|Win32.ActiveCfg = Debug|Win32
		{A78260A5-E10F-44EE-A275-94A414D3F1CA}.Debug|Win32.Build.0 = Debug|Win32
		{A78260A5-E10F-44EE-A275-94A414D3F1CA}.Release|Win32.ActiveCfg = Release|Win32
		{A78260A5-E10F-44EE-A275-94A414D3F1CA}.Release|Win32.Build.0 = Release|Win32
		{7C66CA2F-3284-4F82-ACD1-F1B47EEE018E}.Debug|Win32.ActiveCfg = Debug|Win32
		{7C66CA2F-3284-4F82-ACD1-F1B47EEE018E}.Debug|Win32.Build.0 = Debug|Win32
		{7C66CA2F-3284-4F82-ACD1-F1B47EEE018E}.Release|Win32.ActiveCfg = Release|Win32
		{7C66CA2F-3284-4F82-ACD1-F1B47EEE018E}.Release|Win32.Build.0 = Release|Win32
		{D145262A-0386-4B27-BF22-F7CCB6BE6EFD}.Debug|Win32.ActiveCfg = Debug|Win32
		{D145262A-0386-4B27-BF22-F7CCB6BE6EFD}.Debug|Win32.Build.0 = Debug|Win32
		{D145262A-0386-4B27-BF22-F7CCB6BE6EFD}.Release|Win32.ActiveCfg = Release|Win32
		{D145262A-0386-4B27-BF22-F7CCB6BE6EFD}.Release|Win32.Build.0 = Release|Win32
		{FD4A9220-0919-4EA3-AB92-E888B454A36E}.Debug|Win32.ActiveCfg = Debug|Win32
		{FD4A9220-0919-4EA3-AB92-E888B454A36E}.Debug|Win32.Build.0 = Debug|Win32
		{FD4A9220-0919-4EA3-AB92-E888B454A36E}.Release|Win32.ActiveCfg = Release|Win32
		{FD4A9220-0919-4EA3-AB92-E888B454A36E}.Release|Win32.Build.0 = Release|Win32
		{347864DA-AAC5-4641-AC54-2AFE406CB1B3}.Debug|Win32.ActiveCfg = Debug|Win32
		{347864DA-AAC5-4641-AC54-2AFE406CB1B3}.Debug|Win32.Build.0 = Debug|Win32
		{347864DA-AAC5-4641-AC54-2AFE406CB1B3}.Release|Win32.ActiveCfg = Release|Win32
		{347864DA-AAC5-4641-AC54-2AFE406CB1B3}.Release|Win32.Build.0 = Release|Win32
		{3D95F829-853B-4448-A248-F267E428F270}.Debug|Win32.ActiveCfg = Debug|Win32
		{3D95F829-853B-4448-A248-F267E428F270}.Debug|Win32.Build.0 = Debug|Win32
		{3D95F829-853B-4448-A248-F267E428F270}.Release|Win32.ActiveCfg = Release|Win32
		{3D95F829-853B-4448-A248-F267E428F270}.Release|Win32.Build.0 = Release|Win32
		{58B6CB0A-0DE9-4C92-A667-B7A34BDA820E}.Debug|Win32.ActiveCfg = Debug|Win32
		{58B6CB0A-0DE9-4C92-A667-B7A34BDA820E}.Debug|Win32.Build.0 = Debug|Win32
		{58B6CB0A-0DE9-4C92-A667-B7A34BDA820E}.Release|Win32.ActiveCfg = Release|Win32
		{58B6CB0A-0DE9-4C92-A667-B7A34BDA820E}.Release|Win32.Build.0 = Release|Win32
		{5E9958BF-7A65-4638-B854-815BE35EFEEC}.Debug|Win32.ActiveCfg = Debug|Win32
		{5E9958BF-7A65-4638-B854-815BE35EFEEC}.Debug|Win32.Build.0 = Debug|Win32
		{5E9958BF-7A65-4638-B854-815BE35EFEEC}.Release|Win32.ActiveCfg = Release|Win32
		{5E9958BF-7A65-4638-B854-815BE35EFEEC}.Release|Win32.Build.0 = Release|Win32
		{80F0D3E7-CDFD-4B38-808A-7968B90399D9}.Debug|Win32.ActiveCfg = Debug|Win32
		{80F0D3E7-CDFD-4B38-808A-7968B90399D9}.Debug|Win32.Build.0 = Debug|Win32
		{80F0D3E7-CDFD-4B38-808A-7968B90399D9}.Release|Win32.ActiveCfg = Release|Win32
		{80F0D3E7-CDFD-4B38-808A-7968B90399D9}.Release|Win32.Build.0 = Release|Win32
	EndGlobalSection
	GlobalSection(SolutionProperties) = preSolution
		HideSolutionNode = FALSE
	EndGlobalSection
EndGlobal
